// !$*UTF8*$!
{
	archiveVersion = 1;
	classes = {
	};
	objectVersion = 46;
	objects = {

/* Begin PBXBuildFile section */
		1DDD58160DA1D0A300B32029 /* MainMenu.xib in Resources */ = {isa = PBXBuildFile; fileRef = 1DDD58140DA1D0A300B32029 /* MainMenu.xib */; };
		256AC3DA0F4B6AC300CF3369 /* minimal_osxAppDelegate.mm in Sources */ = {isa = PBXBuildFile; fileRef = 256AC3D90F4B6AC300CF3369 /* minimal_osxAppDelegate.mm */; };
		43085426148B0F3400AE231A /* RGLOpenGLContext.m in Sources */ = {isa = PBXBuildFile; fileRef = 43085425148B0F3400AE231A /* RGLOpenGLContext.m */; };
		4326D4D0153486A0009EF3ED /* Regal.cpp in Sources */ = {isa = PBXBuildFile; fileRef = 4326D4C1153486A0009EF3ED /* Regal.cpp */; };
		4326D4D3153486A0009EF3ED /* RegalIff.cpp in Sources */ = {isa = PBXBuildFile; fileRef = 4326D4C8153486A0009EF3ED /* RegalIff.cpp */; };
		4326D4D5153486A0009EF3ED /* RegalLookup.cpp in Sources */ = {isa = PBXBuildFile; fileRef = 4326D4CB153486A0009EF3ED /* RegalLookup.cpp */; };
		4344FC911332A8BA006F07E8 /* nv.icns in Resources */ = {isa = PBXBuildFile; fileRef = 4344FC901332A8BA006F07E8 /* nv.icns */; };
		43787F5014E8512400636639 /* render.cpp in Sources */ = {isa = PBXBuildFile; fileRef = 43787F4E14E8512400636639 /* render.cpp */; };
		43A9D2C415653BB800D8E95E /* RegalContext.cpp in Sources */ = {isa = PBXBuildFile; fileRef = 43A9D2BB15653BB800D8E95E /* RegalContext.cpp */; };
		43A9D2C515653BB800D8E95E /* RegalDllMain.cpp in Sources */ = {isa = PBXBuildFile; fileRef = 43A9D2BE15653BB800D8E95E /* RegalDllMain.cpp */; };
		43A9D2C615653BB800D8E95E /* RegalToken.cpp in Sources */ = {isa = PBXBuildFile; fileRef = 43A9D2C015653BB800D8E95E /* RegalToken.cpp */; };
		43A9D2C715653BB800D8E95E /* RegalUtil.cpp in Sources */ = {isa = PBXBuildFile; fileRef = 43A9D2C215653BB800D8E95E /* RegalUtil.cpp */; };
		43E244C6133066AF0040E20D /* RegalView.mm in Sources */ = {isa = PBXBuildFile; fileRef = 43E244C5133066AF0040E20D /* RegalView.mm */; };
		8D11072B0486CEB800E47090 /* InfoPlist.strings in Resources */ = {isa = PBXBuildFile; fileRef = 089C165CFE840E0CC02AAC07 /* InfoPlist.strings */; };
		8D11072D0486CEB800E47090 /* main.mm in Sources */ = {isa = PBXBuildFile; fileRef = 29B97316FDCFA39411CA2CEA /* main.mm */; settings = {ATTRIBUTES = (); }; };
		8D11072F0486CEB800E47090 /* Cocoa.framework in Frameworks */ = {isa = PBXBuildFile; fileRef = 1058C7A1FEA54F0111CA2CBB /* Cocoa.framework */; };
		BC0F6D7415858568004163BD /* RegalHelper.cpp in Sources */ = {isa = PBXBuildFile; fileRef = BC0F6D7215858568004163BD /* RegalHelper.cpp */; };
		BC0F6D7B15858831004163BD /* RegalInit.cpp in Sources */ = {isa = PBXBuildFile; fileRef = BC0F6D761585859E004163BD /* RegalInit.cpp */; };
		BC4A15381599F7F00063C8DA /* RegalDispatchDebug.cpp in Sources */ = {isa = PBXBuildFile; fileRef = BC4A15301599F7F00063C8DA /* RegalDispatchDebug.cpp */; };
		BC4A15391599F7F00063C8DA /* RegalDispatchEmu.cpp in Sources */ = {isa = PBXBuildFile; fileRef = BC4A15311599F7F00063C8DA /* RegalDispatchEmu.cpp */; };
		BC4A153A1599F7F00063C8DA /* RegalDispatchError.cpp in Sources */ = {isa = PBXBuildFile; fileRef = BC4A15321599F7F00063C8DA /* RegalDispatchError.cpp */; };
		BC4A153C1599F7F00063C8DA /* RegalDispatchLoader.cpp in Sources */ = {isa = PBXBuildFile; fileRef = BC4A15351599F7F00063C8DA /* RegalDispatchLoader.cpp */; };
		BC4A153D1599F7F00063C8DA /* RegalDispatchLog.cpp in Sources */ = {isa = PBXBuildFile; fileRef = BC4A15361599F7F00063C8DA /* RegalDispatchLog.cpp */; };
		BCB79F081592189500C418FB /* RegalConfig.cpp in Sources */ = {isa = PBXBuildFile; fileRef = BCB79F061592189500C418FB /* RegalConfig.cpp */; };
		BCE3A410156E9E0E00CFA9A9 /* RegalContextInfo.cpp in Sources */ = {isa = PBXBuildFile; fileRef = BCE3A40E156E9E0E00CFA9A9 /* RegalContextInfo.cpp */; };
		BCE3A414156E9EE500CFA9A9 /* RegalLog.cpp in Sources */ = {isa = PBXBuildFile; fileRef = BCE3A412156E9EE500CFA9A9 /* RegalLog.cpp */; };
/* End PBXBuildFile section */

/* Begin PBXFileReference section */
		089C165DFE840E0CC02AAC07 /* English */ = {isa = PBXFileReference; fileEncoding = 4; lastKnownFileType = text.plist.strings; name = English; path = English.lproj/InfoPlist.strings; sourceTree = "<group>"; };
		1058C7A1FEA54F0111CA2CBB /* Cocoa.framework */ = {isa = PBXFileReference; lastKnownFileType = wrapper.framework; name = Cocoa.framework; path = /System/Library/Frameworks/Cocoa.framework; sourceTree = "<absolute>"; };
		13E42FB307B3F0F600E4EEF1 /* CoreData.framework */ = {isa = PBXFileReference; lastKnownFileType = wrapper.framework; name = CoreData.framework; path = /System/Library/Frameworks/CoreData.framework; sourceTree = "<absolute>"; };
		1DDD58150DA1D0A300B32029 /* English */ = {isa = PBXFileReference; lastKnownFileType = file.xib; name = English; path = English.lproj/MainMenu.xib; sourceTree = "<group>"; };
		256AC3D80F4B6AC300CF3369 /* minimal_osxAppDelegate.h */ = {isa = PBXFileReference; fileEncoding = 4; lastKnownFileType = sourcecode.c.h; path = minimal_osxAppDelegate.h; sourceTree = "<group>"; };
		256AC3D90F4B6AC300CF3369 /* minimal_osxAppDelegate.mm */ = {isa = PBXFileReference; fileEncoding = 4; lastKnownFileType = sourcecode.cpp.objcpp; path = minimal_osxAppDelegate.mm; sourceTree = "<group>"; };
		256AC3F00F4B6AF500CF3369 /* minimal_osx_Prefix.pch */ = {isa = PBXFileReference; fileEncoding = 4; lastKnownFileType = sourcecode.c.h; path = minimal_osx_Prefix.pch; sourceTree = "<group>"; };
		29B97316FDCFA39411CA2CEA /* main.mm */ = {isa = PBXFileReference; fileEncoding = 4; lastKnownFileType = sourcecode.cpp.objcpp; path = main.mm; sourceTree = "<group>"; };
		29B97324FDCFA39411CA2CEA /* AppKit.framework */ = {isa = PBXFileReference; lastKnownFileType = wrapper.framework; name = AppKit.framework; path = /System/Library/Frameworks/AppKit.framework; sourceTree = "<absolute>"; };
		29B97325FDCFA39411CA2CEA /* Foundation.framework */ = {isa = PBXFileReference; lastKnownFileType = wrapper.framework; name = Foundation.framework; path = /System/Library/Frameworks/Foundation.framework; sourceTree = "<absolute>"; };
		43085424148B0F3400AE231A /* RGLOpenGLContext.h */ = {isa = PBXFileReference; fileEncoding = 4; lastKnownFileType = sourcecode.c.h; path = RGLOpenGLContext.h; sourceTree = "<group>"; };
		43085425148B0F3400AE231A /* RGLOpenGLContext.m */ = {isa = PBXFileReference; fileEncoding = 4; lastKnownFileType = sourcecode.c.objc; path = RGLOpenGLContext.m; sourceTree = "<group>"; };
		4326D4C0153486A0009EF3ED /* linear.h */ = {isa = PBXFileReference; fileEncoding = 4; lastKnownFileType = sourcecode.c.h; name = linear.h; path = ../../../src/regal/linear.h; sourceTree = "<group>"; };
		4326D4C1153486A0009EF3ED /* Regal.cpp */ = {isa = PBXFileReference; fileEncoding = 4; lastKnownFileType = sourcecode.cpp.cpp; name = Regal.cpp; path = ../../../src/regal/Regal.cpp; sourceTree = "<group>"; };
		4326D4C3153486A0009EF3ED /* RegalBin.h */ = {isa = PBXFileReference; fileEncoding = 4; lastKnownFileType = sourcecode.c.h; name = RegalBin.h; path = ../../../src/regal/RegalBin.h; sourceTree = "<group>"; };
		4326D4C4153486A0009EF3ED /* RegalDsa.h */ = {isa = PBXFileReference; fileEncoding = 4; lastKnownFileType = sourcecode.c.h; name = RegalDsa.h; path = ../../../src/regal/RegalDsa.h; sourceTree = "<group>"; };
		4326D4C5153486A0009EF3ED /* RegalEmu.h */ = {isa = PBXFileReference; fileEncoding = 4; lastKnownFileType = sourcecode.c.h; name = RegalEmu.h; path = ../../../src/regal/RegalEmu.h; sourceTree = "<group>"; };
		4326D4C8153486A0009EF3ED /* RegalIff.cpp */ = {isa = PBXFileReference; fileEncoding = 4; lastKnownFileType = sourcecode.cpp.cpp; name = RegalIff.cpp; path = ../../../src/regal/RegalIff.cpp; sourceTree = "<group>"; };
		4326D4C9153486A0009EF3ED /* RegalIff.h */ = {isa = PBXFileReference; fileEncoding = 4; lastKnownFileType = sourcecode.c.h; name = RegalIff.h; path = ../../../src/regal/RegalIff.h; sourceTree = "<group>"; };
		4326D4CB153486A0009EF3ED /* RegalLookup.cpp */ = {isa = PBXFileReference; fileEncoding = 4; lastKnownFileType = sourcecode.cpp.cpp; name = RegalLookup.cpp; path = ../../../src/regal/RegalLookup.cpp; sourceTree = "<group>"; };
		4326D4CC153486A0009EF3ED /* RegalLookup.h */ = {isa = PBXFileReference; fileEncoding = 4; lastKnownFileType = sourcecode.c.h; name = RegalLookup.h; path = ../../../src/regal/RegalLookup.h; sourceTree = "<group>"; };
		4326D4CD153486A0009EF3ED /* RegalObj.h */ = {isa = PBXFileReference; fileEncoding = 4; lastKnownFileType = sourcecode.c.h; name = RegalObj.h; path = ../../../src/regal/RegalObj.h; sourceTree = "<group>"; };
		4326D4CE153486A0009EF3ED /* RegalPrivate.h */ = {isa = PBXFileReference; fileEncoding = 4; lastKnownFileType = sourcecode.c.h; name = RegalPrivate.h; path = ../../../src/regal/RegalPrivate.h; sourceTree = "<group>"; };
		4326D4CF153486A0009EF3ED /* RegalVao.h */ = {isa = PBXFileReference; fileEncoding = 4; lastKnownFileType = sourcecode.c.h; name = RegalVao.h; path = ../../../src/regal/RegalVao.h; sourceTree = "<group>"; };
		4344FC901332A8BA006F07E8 /* nv.icns */ = {isa = PBXFileReference; lastKnownFileType = image.icns; path = nv.icns; sourceTree = "<group>"; };
		43787F4E14E8512400636639 /* render.cpp */ = {isa = PBXFileReference; fileEncoding = 4; lastKnownFileType = sourcecode.cpp.cpp; name = render.cpp; path = ../src/render.cpp; sourceTree = "<group>"; };
		43787F4F14E8512400636639 /* render.h */ = {isa = PBXFileReference; fileEncoding = 4; lastKnownFileType = sourcecode.c.h; name = render.h; path = ../src/render.h; sourceTree = "<group>"; };
		43A9D2BB15653BB800D8E95E /* RegalContext.cpp */ = {isa = PBXFileReference; fileEncoding = 4; lastKnownFileType = sourcecode.cpp.cpp; name = RegalContext.cpp; path = ../../../src/regal/RegalContext.cpp; sourceTree = "<group>"; };
		43A9D2BC15653BB800D8E95E /* RegalContext.h */ = {isa = PBXFileReference; fileEncoding = 4; lastKnownFileType = sourcecode.c.h; name = RegalContext.h; path = ../../../src/regal/RegalContext.h; sourceTree = "<group>"; };
		43A9D2BD15653BB800D8E95E /* RegalDispatch.h */ = {isa = PBXFileReference; fileEncoding = 4; lastKnownFileType = sourcecode.c.h; name = RegalDispatch.h; path = ../../../src/regal/RegalDispatch.h; sourceTree = "<group>"; };
		43A9D2BE15653BB800D8E95E /* RegalDllMain.cpp */ = {isa = PBXFileReference; fileEncoding = 4; lastKnownFileType = sourcecode.cpp.cpp; name = RegalDllMain.cpp; path = ../../../src/regal/RegalDllMain.cpp; sourceTree = "<group>"; };
		43A9D2BF15653BB800D8E95E /* RegalPpc.h */ = {isa = PBXFileReference; fileEncoding = 4; lastKnownFileType = sourcecode.c.h; name = RegalPpc.h; path = ../../../src/regal/RegalPpc.h; sourceTree = "<group>"; };
		43A9D2C015653BB800D8E95E /* RegalToken.cpp */ = {isa = PBXFileReference; fileEncoding = 4; lastKnownFileType = sourcecode.cpp.cpp; name = RegalToken.cpp; path = ../../../src/regal/RegalToken.cpp; sourceTree = "<group>"; };
		43A9D2C115653BB800D8E95E /* RegalToken.h */ = {isa = PBXFileReference; fileEncoding = 4; lastKnownFileType = sourcecode.c.h; name = RegalToken.h; path = ../../../src/regal/RegalToken.h; sourceTree = "<group>"; };
		43A9D2C215653BB800D8E95E /* RegalUtil.cpp */ = {isa = PBXFileReference; fileEncoding = 4; lastKnownFileType = sourcecode.cpp.cpp; name = RegalUtil.cpp; path = ../../../src/regal/RegalUtil.cpp; sourceTree = "<group>"; };
		43A9D2C315653BB800D8E95E /* RegalUtil.h */ = {isa = PBXFileReference; fileEncoding = 4; lastKnownFileType = sourcecode.c.h; name = RegalUtil.h; path = ../../../src/regal/RegalUtil.h; sourceTree = "<group>"; };
		43E244C4133066AF0040E20D /* RegalView.h */ = {isa = PBXFileReference; fileEncoding = 4; lastKnownFileType = sourcecode.c.h; path = RegalView.h; sourceTree = "<group>"; };
		43E244C5133066AF0040E20D /* RegalView.mm */ = {isa = PBXFileReference; fileEncoding = 4; lastKnownFileType = sourcecode.cpp.objcpp; path = RegalView.mm; sourceTree = "<group>"; };
		8D1107310486CEB800E47090 /* minimal_osx-Info.plist */ = {isa = PBXFileReference; fileEncoding = 4; lastKnownFileType = text.plist.xml; path = "minimal_osx-Info.plist"; sourceTree = "<group>"; };
		8D1107320486CEB800E47090 /* minimal_osx.app */ = {isa = PBXFileReference; explicitFileType = wrapper.application; includeInIndex = 0; path = minimal_osx.app; sourceTree = BUILT_PRODUCTS_DIR; };
		BC0F6D7215858568004163BD /* RegalHelper.cpp */ = {isa = PBXFileReference; fileEncoding = 4; lastKnownFileType = sourcecode.cpp.cpp; name = RegalHelper.cpp; path = ../../../src/regal/RegalHelper.cpp; sourceTree = "<group>"; };
		BC0F6D7315858568004163BD /* RegalHelper.h */ = {isa = PBXFileReference; fileEncoding = 4; lastKnownFileType = sourcecode.c.h; name = RegalHelper.h; path = ../../../src/regal/RegalHelper.h; sourceTree = "<group>"; };
		BC0F6D761585859E004163BD /* RegalInit.cpp */ = {isa = PBXFileReference; lastKnownFileType = sourcecode.cpp.cpp; name = RegalInit.cpp; path = ../../../src/regal/RegalInit.cpp; sourceTree = "<group>"; };
		BC0F6D771585859E004163BD /* RegalInit.h */ = {isa = PBXFileReference; lastKnownFileType = sourcecode.c.h; name = RegalInit.h; path = ../../../src/regal/RegalInit.h; sourceTree = "<group>"; };
		BC0F6D791585860A004163BD /* RegalDebugInfo.h */ = {isa = PBXFileReference; lastKnownFileType = sourcecode.c.h; name = RegalDebugInfo.h; path = ../../../src/regal/RegalDebugInfo.h; sourceTree = "<group>"; };
		BC4A15301599F7F00063C8DA /* RegalDispatchDebug.cpp */ = {isa = PBXFileReference; fileEncoding = 4; lastKnownFileType = sourcecode.cpp.cpp; name = RegalDispatchDebug.cpp; path = ../../../src/regal/RegalDispatchDebug.cpp; sourceTree = "<group>"; };
		BC4A15311599F7F00063C8DA /* RegalDispatchEmu.cpp */ = {isa = PBXFileReference; fileEncoding = 4; lastKnownFileType = sourcecode.cpp.cpp; name = RegalDispatchEmu.cpp; path = ../../../src/regal/RegalDispatchEmu.cpp; sourceTree = "<group>"; };
		BC4A15321599F7F00063C8DA /* RegalDispatchError.cpp */ = {isa = PBXFileReference; fileEncoding = 4; lastKnownFileType = sourcecode.cpp.cpp; name = RegalDispatchError.cpp; path = ../../../src/regal/RegalDispatchError.cpp; sourceTree = "<group>"; };
		BC4A15331599F7F00063C8DA /* RegalDispatchError.h */ = {isa = PBXFileReference; fileEncoding = 4; lastKnownFileType = sourcecode.c.h; name = RegalDispatchError.h; path = ../../../src/regal/RegalDispatchError.h; sourceTree = "<group>"; };
		BC4A15351599F7F00063C8DA /* RegalDispatchLoader.cpp */ = {isa = PBXFileReference; fileEncoding = 4; lastKnownFileType = sourcecode.cpp.cpp; name = RegalDispatchLoader.cpp; path = ../../../src/regal/RegalDispatchLoader.cpp; sourceTree = "<group>"; };
		BC4A15361599F7F00063C8DA /* RegalDispatchLog.cpp */ = {isa = PBXFileReference; fileEncoding = 4; lastKnownFileType = sourcecode.cpp.cpp; name = RegalDispatchLog.cpp; path = ../../../src/regal/RegalDispatchLog.cpp; sourceTree = "<group>"; };
		BC4A15371599F7F00063C8DA /* RegalDispatchState.h */ = {isa = PBXFileReference; fileEncoding = 4; lastKnownFileType = sourcecode.c.h; name = RegalDispatchState.h; path = ../../../src/regal/RegalDispatchState.h; sourceTree = "<group>"; };
		BCB79F061592189500C418FB /* RegalConfig.cpp */ = {isa = PBXFileReference; fileEncoding = 4; lastKnownFileType = sourcecode.cpp.cpp; name = RegalConfig.cpp; path = ../../../src/regal/RegalConfig.cpp; sourceTree = "<group>"; };
		BCB79F071592189500C418FB /* RegalConfig.h */ = {isa = PBXFileReference; fileEncoding = 4; lastKnownFileType = sourcecode.c.h; name = RegalConfig.h; path = ../../../src/regal/RegalConfig.h; sourceTree = "<group>"; };
		BCE3A40E156E9E0E00CFA9A9 /* RegalContextInfo.cpp */ = {isa = PBXFileReference; fileEncoding = 4; lastKnownFileType = sourcecode.cpp.cpp; name = RegalContextInfo.cpp; path = ../../../src/regal/RegalContextInfo.cpp; sourceTree = "<group>"; };
		BCE3A40F156E9E0E00CFA9A9 /* RegalContextInfo.h */ = {isa = PBXFileReference; fileEncoding = 4; lastKnownFileType = sourcecode.c.h; name = RegalContextInfo.h; path = ../../../src/regal/RegalContextInfo.h; sourceTree = "<group>"; };
		BCE3A412156E9EE500CFA9A9 /* RegalLog.cpp */ = {isa = PBXFileReference; fileEncoding = 4; lastKnownFileType = sourcecode.cpp.cpp; name = RegalLog.cpp; path = ../../../src/regal/RegalLog.cpp; sourceTree = "<group>"; };
		BCE3A413156E9EE500CFA9A9 /* RegalLog.h */ = {isa = PBXFileReference; fileEncoding = 4; lastKnownFileType = sourcecode.c.h; name = RegalLog.h; path = ../../../src/regal/RegalLog.h; sourceTree = "<group>"; };
/* End PBXFileReference section */

/* Begin PBXFrameworksBuildPhase section */
		8D11072E0486CEB800E47090 /* Frameworks */ = {
			isa = PBXFrameworksBuildPhase;
			buildActionMask = 2147483647;
			files = (
				8D11072F0486CEB800E47090 /* Cocoa.framework in Frameworks */,
			);
			runOnlyForDeploymentPostprocessing = 0;
		};
/* End PBXFrameworksBuildPhase section */

/* Begin PBXGroup section */
		1058C7A0FEA54F0111CA2CBB /* Linked Frameworks */ = {
			isa = PBXGroup;
			children = (
				1058C7A1FEA54F0111CA2CBB /* Cocoa.framework */,
			);
			name = "Linked Frameworks";
			sourceTree = "<group>";
		};
		1058C7A2FEA54F0111CA2CBB /* Other Frameworks */ = {
			isa = PBXGroup;
			children = (
				29B97324FDCFA39411CA2CEA /* AppKit.framework */,
				13E42FB307B3F0F600E4EEF1 /* CoreData.framework */,
				29B97325FDCFA39411CA2CEA /* Foundation.framework */,
			);
			name = "Other Frameworks";
			sourceTree = "<group>";
		};
		19C28FACFE9D520D11CA2CBB /* Products */ = {
			isa = PBXGroup;
			children = (
				8D1107320486CEB800E47090 /* minimal_osx.app */,
			);
			name = Products;
			sourceTree = "<group>";
		};
		29B97314FDCFA39411CA2CEA /* minimal_osx */ = {
			isa = PBXGroup;
			children = (
				29B97315FDCFA39411CA2CEA /* code */,
				29B97317FDCFA39411CA2CEA /* Resources */,
				29B97323FDCFA39411CA2CEA /* Frameworks */,
				19C28FACFE9D520D11CA2CBB /* Products */,
			);
			name = minimal_osx;
			sourceTree = "<group>";
		};
		29B97315FDCFA39411CA2CEA /* code */ = {
			isa = PBXGroup;
			children = (
				43787F4E14E8512400636639 /* render.cpp */,
				43787F4F14E8512400636639 /* render.h */,
				43FFED88149524D7004FAD3A /* Regal */,
				43085424148B0F3400AE231A /* RGLOpenGLContext.h */,
				43085425148B0F3400AE231A /* RGLOpenGLContext.m */,
				256AC3D80F4B6AC300CF3369 /* minimal_osxAppDelegate.h */,
				256AC3D90F4B6AC300CF3369 /* minimal_osxAppDelegate.mm */,
				43E244C4133066AF0040E20D /* RegalView.h */,
				43E244C5133066AF0040E20D /* RegalView.mm */,
				256AC3F00F4B6AF500CF3369 /* minimal_osx_Prefix.pch */,
				29B97316FDCFA39411CA2CEA /* main.mm */,
			);
			name = code;
			sourceTree = "<group>";
		};
		29B97317FDCFA39411CA2CEA /* Resources */ = {
			isa = PBXGroup;
			children = (
				4344FC901332A8BA006F07E8 /* nv.icns */,
				8D1107310486CEB800E47090 /* minimal_osx-Info.plist */,
				089C165CFE840E0CC02AAC07 /* InfoPlist.strings */,
				1DDD58140DA1D0A300B32029 /* MainMenu.xib */,
			);
			name = Resources;
			sourceTree = "<group>";
		};
		29B97323FDCFA39411CA2CEA /* Frameworks */ = {
			isa = PBXGroup;
			children = (
				1058C7A0FEA54F0111CA2CBB /* Linked Frameworks */,
				1058C7A2FEA54F0111CA2CBB /* Other Frameworks */,
			);
			name = Frameworks;
			sourceTree = "<group>";
		};
		43FFED88149524D7004FAD3A /* Regal */ = {
			isa = PBXGroup;
			children = (
				BC0F6D791585860A004163BD /* RegalDebugInfo.h */,
				BCB79F061592189500C418FB /* RegalConfig.cpp */,
				BCB79F071592189500C418FB /* RegalConfig.h */,
				BC0F6D761585859E004163BD /* RegalInit.cpp */,
				BC0F6D771585859E004163BD /* RegalInit.h */,
				BC0F6D7215858568004163BD /* RegalHelper.cpp */,
				BC0F6D7315858568004163BD /* RegalHelper.h */,
				BCE3A412156E9EE500CFA9A9 /* RegalLog.cpp */,
				BCE3A413156E9EE500CFA9A9 /* RegalLog.h */,
				BCE3A40E156E9E0E00CFA9A9 /* RegalContextInfo.cpp */,
				BCE3A40F156E9E0E00CFA9A9 /* RegalContextInfo.h */,
				43A9D2BB15653BB800D8E95E /* RegalContext.cpp */,
				43A9D2BC15653BB800D8E95E /* RegalContext.h */,
				43A9D2BD15653BB800D8E95E /* RegalDispatch.h */,
				43A9D2BE15653BB800D8E95E /* RegalDllMain.cpp */,
				43A9D2BF15653BB800D8E95E /* RegalPpc.h */,
				BC4A15301599F7F00063C8DA /* RegalDispatchDebug.cpp */,
				BC4A15311599F7F00063C8DA /* RegalDispatchEmu.cpp */,
				BC4A15321599F7F00063C8DA /* RegalDispatchError.cpp */,
				BC4A15331599F7F00063C8DA /* RegalDispatchError.h */,
				BC4A15351599F7F00063C8DA /* RegalDispatchLoader.cpp */,
				BC4A15361599F7F00063C8DA /* RegalDispatchLog.cpp */,
				BC4A15371599F7F00063C8DA /* RegalDispatchState.h */,
				43A9D2C015653BB800D8E95E /* RegalToken.cpp */,
				43A9D2C115653BB800D8E95E /* RegalToken.h */,
				43A9D2C215653BB800D8E95E /* RegalUtil.cpp */,
				43A9D2C315653BB800D8E95E /* RegalUtil.h */,
				4326D4C0153486A0009EF3ED /* linear.h */,
				4326D4C1153486A0009EF3ED /* Regal.cpp */,
				4326D4C3153486A0009EF3ED /* RegalBin.h */,
				4326D4C4153486A0009EF3ED /* RegalDsa.h */,
				4326D4C5153486A0009EF3ED /* RegalEmu.h */,
				4326D4C8153486A0009EF3ED /* RegalIff.cpp */,
				4326D4C9153486A0009EF3ED /* RegalIff.h */,
				4326D4CB153486A0009EF3ED /* RegalLookup.cpp */,
				4326D4CC153486A0009EF3ED /* RegalLookup.h */,
				4326D4CD153486A0009EF3ED /* RegalObj.h */,
				4326D4CE153486A0009EF3ED /* RegalPrivate.h */,
				4326D4CF153486A0009EF3ED /* RegalVao.h */,
			);
			name = Regal;
			sourceTree = "<group>";
		};
/* End PBXGroup section */

/* Begin PBXNativeTarget section */
		8D1107260486CEB800E47090 /* minimal_osx */ = {
			isa = PBXNativeTarget;
			buildConfigurationList = C01FCF4A08A954540054247B /* Build configuration list for PBXNativeTarget "minimal_osx" */;
			buildPhases = (
				8D1107290486CEB800E47090 /* Resources */,
				8D11072C0486CEB800E47090 /* Sources */,
				8D11072E0486CEB800E47090 /* Frameworks */,
			);
			buildRules = (
			);
			dependencies = (
			);
			name = minimal_osx;
			productInstallPath = "$(HOME)/Applications";
			productName = minimal_osx;
			productReference = 8D1107320486CEB800E47090 /* minimal_osx.app */;
			productType = "com.apple.product-type.application";
		};
/* End PBXNativeTarget section */

/* Begin PBXProject section */
		29B97313FDCFA39411CA2CEA /* Project object */ = {
			isa = PBXProject;
			attributes = {
				LastUpgradeCheck = 0420;
			};
			buildConfigurationList = C01FCF4E08A954540054247B /* Build configuration list for PBXProject "minimal_osx" */;
			compatibilityVersion = "Xcode 3.2";
			developmentRegion = English;
			hasScannedForEncodings = 1;
			knownRegions = (
				English,
				Japanese,
				French,
				German,
			);
			mainGroup = 29B97314FDCFA39411CA2CEA /* minimal_osx */;
			projectDirPath = "";
			projectRoot = "";
			targets = (
				8D1107260486CEB800E47090 /* minimal_osx */,
			);
		};
/* End PBXProject section */

/* Begin PBXResourcesBuildPhase section */
		8D1107290486CEB800E47090 /* Resources */ = {
			isa = PBXResourcesBuildPhase;
			buildActionMask = 2147483647;
			files = (
				8D11072B0486CEB800E47090 /* InfoPlist.strings in Resources */,
				1DDD58160DA1D0A300B32029 /* MainMenu.xib in Resources */,
				4344FC911332A8BA006F07E8 /* nv.icns in Resources */,
			);
			runOnlyForDeploymentPostprocessing = 0;
		};
/* End PBXResourcesBuildPhase section */

/* Begin PBXSourcesBuildPhase section */
		8D11072C0486CEB800E47090 /* Sources */ = {
			isa = PBXSourcesBuildPhase;
			buildActionMask = 2147483647;
			files = (
				8D11072D0486CEB800E47090 /* main.mm in Sources */,
				256AC3DA0F4B6AC300CF3369 /* minimal_osxAppDelegate.mm in Sources */,
				43E244C6133066AF0040E20D /* RegalView.mm in Sources */,
				43085426148B0F3400AE231A /* RGLOpenGLContext.m in Sources */,
				43787F5014E8512400636639 /* render.cpp in Sources */,
				4326D4D0153486A0009EF3ED /* Regal.cpp in Sources */,
				4326D4D3153486A0009EF3ED /* RegalIff.cpp in Sources */,
				4326D4D5153486A0009EF3ED /* RegalLookup.cpp in Sources */,
				43A9D2C415653BB800D8E95E /* RegalContext.cpp in Sources */,
				43A9D2C515653BB800D8E95E /* RegalDllMain.cpp in Sources */,
				43A9D2C615653BB800D8E95E /* RegalToken.cpp in Sources */,
				43A9D2C715653BB800D8E95E /* RegalUtil.cpp in Sources */,
				BCE3A410156E9E0E00CFA9A9 /* RegalContextInfo.cpp in Sources */,
				BCE3A414156E9EE500CFA9A9 /* RegalLog.cpp in Sources */,
				BC0F6D7415858568004163BD /* RegalHelper.cpp in Sources */,
				BC0F6D7B15858831004163BD /* RegalInit.cpp in Sources */,
				BCB79F081592189500C418FB /* RegalConfig.cpp in Sources */,
				BC4A15381599F7F00063C8DA /* RegalDispatchDebug.cpp in Sources */,
				BC4A15391599F7F00063C8DA /* RegalDispatchEmu.cpp in Sources */,
				BC4A153A1599F7F00063C8DA /* RegalDispatchError.cpp in Sources */,
				BC4A153C1599F7F00063C8DA /* RegalDispatchLoader.cpp in Sources */,
				BC4A153D1599F7F00063C8DA /* RegalDispatchLog.cpp in Sources */,
			);
			runOnlyForDeploymentPostprocessing = 0;
		};
/* End PBXSourcesBuildPhase section */

/* Begin PBXVariantGroup section */
		089C165CFE840E0CC02AAC07 /* InfoPlist.strings */ = {
			isa = PBXVariantGroup;
			children = (
				089C165DFE840E0CC02AAC07 /* English */,
			);
			name = InfoPlist.strings;
			sourceTree = "<group>";
		};
		1DDD58140DA1D0A300B32029 /* MainMenu.xib */ = {
			isa = PBXVariantGroup;
			children = (
				1DDD58150DA1D0A300B32029 /* English */,
			);
			name = MainMenu.xib;
			sourceTree = "<group>";
		};
/* End PBXVariantGroup section */

/* Begin XCBuildConfiguration section */
		C01FCF4B08A954540054247B /* Debug */ = {
			isa = XCBuildConfiguration;
			buildSettings = {
				ALWAYS_SEARCH_USER_PATHS = NO;
				COPY_PHASE_STRIP = NO;
				GCC_DYNAMIC_NO_PIC = NO;
				GCC_MODEL_TUNING = G5;
				GCC_OPTIMIZATION_LEVEL = 0;
				GCC_PRECOMPILE_PREFIX_HEADER = NO;
				GCC_PREFIX_HEADER = minimal_osx_Prefix.pch;
				INFOPLIST_FILE = "minimal_osx-Info.plist";
				INSTALL_PATH = "$(HOME)/Applications";
				MACOSX_DEPLOYMENT_TARGET = 10.6;
				PRODUCT_NAME = minimal_osx;
				SDKROOT = macosx;
			};
			name = Debug;
		};
		C01FCF4C08A954540054247B /* Release */ = {
			isa = XCBuildConfiguration;
			buildSettings = {
				ALWAYS_SEARCH_USER_PATHS = NO;
				DEBUG_INFORMATION_FORMAT = "dwarf-with-dsym";
				GCC_MODEL_TUNING = G5;
				GCC_PRECOMPILE_PREFIX_HEADER = NO;
				GCC_PREFIX_HEADER = minimal_osx_Prefix.pch;
				INFOPLIST_FILE = "minimal_osx-Info.plist";
				INSTALL_PATH = "$(HOME)/Applications";
				MACOSX_DEPLOYMENT_TARGET = 10.6;
				PRODUCT_NAME = minimal_osx;
				SDKROOT = macosx;
			};
			name = Release;
		};
		C01FCF4F08A954540054247B /* Debug */ = {
			isa = XCBuildConfiguration;
			buildSettings = {
				ARCHS = "$(ARCHS_STANDARD_32_64_BIT)";
				GCC_C_LANGUAGE_STANDARD = gnu99;
				GCC_OPTIMIZATION_LEVEL = 0;
				GCC_WARN_ABOUT_RETURN_TYPE = YES;
				GCC_WARN_UNUSED_VARIABLE = YES;
				HEADER_SEARCH_PATHS = (
					../../../src/boost,
					../../../include,
				);
				ONLY_ACTIVE_ARCH = YES;
				SDKROOT = macosx;
			};
			name = Debug;
		};
		C01FCF5008A954540054247B /* Release */ = {
			isa = XCBuildConfiguration;
			buildSettings = {
				ARCHS = "$(ARCHS_STANDARD_32_64_BIT)";
				GCC_C_LANGUAGE_STANDARD = gnu99;
				GCC_WARN_ABOUT_RETURN_TYPE = YES;
				GCC_WARN_UNUSED_VARIABLE = YES;
				HEADER_SEARCH_PATHS = (
					../../../src/boost,
					../../../include,
				);
				SDKROOT = macosx;
			};
			name = Release;
		};
/* End XCBuildConfiguration section */

/* Begin XCConfigurationList section */
		C01FCF4A08A954540054247B /* Build configuration list for PBXNativeTarget "minimal_osx" */ = {
			isa = XCConfigurationList;
			buildConfigurations = (
				C01FCF4B08A954540054247B /* Debug */,
				C01FCF4C08A954540054247B /* Release */,
			);
			defaultConfigurationIsVisible = 0;
			defaultConfigurationName = Release;
		};
		C01FCF4E08A954540054247B /* Build configuration list for PBXProject "minimal_osx" */ = {
			isa = XCConfigurationList;
			buildConfigurations = (
				C01FCF4F08A954540054247B /* Debug */,
				C01FCF5008A954540054247B /* Release */,
			);
			defaultConfigurationIsVisible = 0;
			defaultConfigurationName = Release;
		};
/* End XCConfigurationList section */
	};
	rootObject = 29B97313FDCFA39411CA2CEA /* Project object */;
}
